
Microsoft Visual Studio Solution File, Format Version 12.00
# Visual Studio Version 16
VisualStudioVersion = 16.0.30711.63
MinimumVisualStudioVersion = 10.0.40219.1
Project("{FAE04EC0-301F-11D3-BF4B-00C04F79EFBC}") = "HtmlPageBuilder", "HtmlPageBuilder\HtmlPageBuilder.csproj", "{FC4DB9BE-D260-47DD-82A3-ED00D68488F4}"
EndProject
Project("{FAE04EC0-301F-11D3-BF4B-00C04F79EFBC}") = "Test", "Test\Test.csproj", "{29E78EBA-0822-41E3-96A6-00B0BE72A441}"
EndProject
Global
	GlobalSection(SolutionConfigurationPlatforms) = preSolution
		Debug|Any CPU = Debug|Any CPU
		Release|Any CPU = Release|Any CPU
	EndGlobalSection
	GlobalSection(ProjectConfigurationPlatforms) = postSolution
		{FC4DB9BE-D260-47DD-82A3-ED00D68488F4}.Debug|Any CPU.ActiveCfg = Debug|Any CPU
		{FC4DB9BE-D260-47DD-82A3-ED00D68488F4}.Debug|Any CPU.Build.0 = Debug|Any CPU
		{FC4DB9BE-D260-47DD-82A3-ED00D68488F4}.Release|Any CPU.ActiveCfg = Release|Any CPU
		{FC4DB9BE-D260-47DD-82A3-ED00D68488F4}.Release|Any CPU.Build.0 = Release|Any CPU
		{29E78EBA-0822-41E3-96A6-00B0BE72A441}.Debug|Any CPU.ActiveCfg = Debug|Any CPU
		{29E78EBA-0822-41E3-96A6-00B0BE72A441}.Debug|Any CPU.Build.0 = Debug|Any CPU
		{29E78EBA-0822-41E3-96A6-00B0BE72A441}.Release|Any CPU.ActiveCfg = Release|Any CPU
		{29E78EBA-0822-41E3-96A6-00B0BE72A441}.Release|Any CPU.Build.0 = Release|Any CPU
	EndGlobalSection
	GlobalSection(SolutionProperties) = preSolution
		HideSolutionNode = FALSE
	EndGlobalSection
	GlobalSection(ExtensibilityGlobals) = postSolution
		SolutionGuid = {321DAC39-81CA-4C6C-A194-1F446BA12766}
	EndGlobalSection
EndGlobal
